
Microsoft Visual Studio Solution File, Format Version 12.00
# Visual Studio Version 16
VisualStudioVersion = 16.0.31004.235
MinimumVisualStudioVersion = 10.0.40219.1
Project("{9A19103F-16F7-4668-BE54-9A1E7A4F7556}") = "Ascetic.Core", "Ascetic.Core.csproj", "{B1621158-FE10-4911-851D-C39D39E7F71D}"
EndProject
Global
	GlobalSection(SolutionConfigurationPlatforms) = preSolution
		Debug|Any CPU = Debug|Any CPU
		Release|Any CPU = Release|Any CPU
	EndGlobalSection
	GlobalSection(ProjectConfigurationPlatforms) = postSolution
		{B1621158-FE10-4911-851D-C39D39E7F71D}.Debug|Any CPU.ActiveCfg = Debug|Any CPU
		{B1621158-FE10-4911-851D-C39D39E7F71D}.Debug|Any CPU.Build.0 = Debug|Any CPU
		{B1621158-FE10-4911-851D-C39D39E7F71D}.Release|Any CPU.ActiveCfg = Release|Any CPU
		{B1621158-FE10-4911-851D-C39D39E7F71D}.Release|Any CPU.Build.0 = Release|Any CPU
	EndGlobalSection
	GlobalSection(SolutionProperties) = preSolution
		HideSolutionNode = FALSE
	EndGlobalSection
	GlobalSection(ExtensibilityGlobals) = postSolution
		SolutionGuid = {ACB2CA17-F22A-4A04-924D-082F103399A2}
	EndGlobalSection
EndGlobal
